
Microsoft Visual Studio Solution File, Format Version 12.00
# Visual Studio 15
VisualStudioVersion = 15.0.26730.16
MinimumVisualStudioVersion = 10.0.40219.1
Project("{FAE04EC0-301F-11D3-BF4B-00C04F79EFBC}") = "pro.EntitiesLayer", "pro.EntitiesLayer\pro.EntitiesLayer.csproj", "{9C400779-18DE-4E9F-A342-22F3C6C6FF26}"
EndProject
Project("{FAE04EC0-301F-11D3-BF4B-00C04F79EFBC}") = "pro.DataAccessLayer", "pro.DataAccessLayer\pro.DataAccessLayer.csproj", "{FC981C88-5954-4AFD-93F4-38B616103E2E}"
EndProject
Project("{FAE04EC0-301F-11D3-BF4B-00C04F79EFBC}") = "pro.BusinessLayer", "pro.BusinessLayer\pro.BusinessLayer.csproj", "{894F09B7-124E-4548-B1AC-18CE810BA6F3}"
EndProject
Project("{FAE04EC0-301F-11D3-BF4B-00C04F79EFBC}") = "pro.CoreLayer", "pro.CoreLayer\pro.CoreLayer.csproj", "{3E825227-1448-43A0-AA5D-9657EE594C08}"
EndProject
Project("{FAE04EC0-301F-11D3-BF4B-00C04F79EFBC}") = "pro.Web", "pro.Web\pro.Web.csproj", "{D02F1121-119F-4D79-BC41-1BAF88B2B83C}"
EndProject
Global
	GlobalSection(SolutionConfigurationPlatforms) = preSolution
		Debug|Any CPU = Debug|Any CPU
		Release|Any CPU = Release|Any CPU
	EndGlobalSection
	GlobalSection(ProjectConfigurationPlatforms) = postSolution
		{9C400779-18DE-4E9F-A342-22F3C6C6FF26}.Debug|Any CPU.ActiveCfg = Debug|Any CPU
		{9C400779-18DE-4E9F-A342-22F3C6C6FF26}.Debug|Any CPU.Build.0 = Debug|Any CPU
		{9C400779-18DE-4E9F-A342-22F3C6C6FF26}.Release|Any CPU.ActiveCfg = Release|Any CPU
		{9C400779-18DE-4E9F-A342-22F3C6C6FF26}.Release|Any CPU.Build.0 = Release|Any CPU
		{FC981C88-5954-4AFD-93F4-38B616103E2E}.Debug|Any CPU.ActiveCfg = Debug|Any CPU
		{FC981C88-5954-4AFD-93F4-38B616103E2E}.Debug|Any CPU.Build.0 = Debug|Any CPU
		{FC981C88-5954-4AFD-93F4-38B616103E2E}.Release|Any CPU.ActiveCfg = Release|Any CPU
		{FC981C88-5954-4AFD-93F4-38B616103E2E}.Release|Any CPU.Build.0 = Release|Any CPU
		{894F09B7-124E-4548-B1AC-18CE810BA6F3}.Debug|Any CPU.ActiveCfg = Debug|Any CPU
		{894F09B7-124E-4548-B1AC-18CE810BA6F3}.Debug|Any CPU.Build.0 = Debug|Any CPU
		{894F09B7-124E-4548-B1AC-18CE810BA6F3}.Release|Any CPU.ActiveCfg = Release|Any CPU
		{894F09B7-124E-4548-B1AC-18CE810BA6F3}.Release|Any CPU.Build.0 = Release|Any CPU
		{3E825227-1448-43A0-AA5D-9657EE594C08}.Debug|Any CPU.ActiveCfg = Debug|Any CPU
		{3E825227-1448-43A0-AA5D-9657EE594C08}.Debug|Any CPU.Build.0 = Debug|Any CPU
		{3E825227-1448-43A0-AA5D-9657EE594C08}.Release|Any CPU.ActiveCfg = Release|Any CPU
		{3E825227-1448-43A0-AA5D-9657EE594C08}.Release|Any CPU.Build.0 = Release|Any CPU
		{D02F1121-119F-4D79-BC41-1BAF88B2B83C}.Debug|Any CPU.ActiveCfg = Debug|Any CPU
		{D02F1121-119F-4D79-BC41-1BAF88B2B83C}.Debug|Any CPU.Build.0 = Debug|Any CPU
		{D02F1121-119F-4D79-BC41-1BAF88B2B83C}.Release|Any CPU.ActiveCfg = Release|Any CPU
		{D02F1121-119F-4D79-BC41-1BAF88B2B83C}.Release|Any CPU.Build.0 = Release|Any CPU
	EndGlobalSection
	GlobalSection(SolutionProperties) = preSolution
		HideSolutionNode = FALSE
	EndGlobalSection
	GlobalSection(ExtensibilityGlobals) = postSolution
		SolutionGuid = {3CFBA09E-9713-4F8F-8DA7-935124ACE829}
	EndGlobalSection
EndGlobal
